
Microsoft Visual Studio Solution File, Format Version 12.00
# Visual Studio Version 16
VisualStudioVersion = 16.0.29509.3
MinimumVisualStudioVersion = 10.0.40219.1
Project("{FAE04EC0-301F-11D3-BF4B-00C04F79EFBC}") = "_1016", "_1016\_1016.csproj", "{C6EF159D-C22B-4734-BAE9-CD93AD651E44}"
EndProject
Global
	GlobalSection(SolutionConfigurationPlatforms) = preSolution
		Debug|Any CPU = Debug|Any CPU
		Release|Any CPU = Release|Any CPU
	EndGlobalSection
	GlobalSection(ProjectConfigurationPlatforms) = postSolution
		{C6EF159D-C22B-4734-BAE9-CD93AD651E44}.Debug|Any CPU.ActiveCfg = Debug|Any CPU
		{C6EF159D-C22B-4734-BAE9-CD93AD651E44}.Debug|Any CPU.Build.0 = Debug|Any CPU
		{C6EF159D-C22B-4734-BAE9-CD93AD651E44}.Release|Any CPU.ActiveCfg = Release|Any CPU
		{C6EF159D-C22B-4734-BAE9-CD93AD651E44}.Release|Any CPU.Build.0 = Release|Any CPU
	EndGlobalSection
	GlobalSection(SolutionProperties) = preSolution
		HideSolutionNode = FALSE
	EndGlobalSection
	GlobalSection(ExtensibilityGlobals) = postSolution
		SolutionGuid = {19A8E9E6-D83D-4231-ABB0-2771971EAE7D}
	EndGlobalSection
EndGlobal
