
Microsoft Visual Studio Solution File, Format Version 12.00
# Visual Studio Version 16
VisualStudioVersion = 16.0.29509.3
MinimumVisualStudioVersion = 10.0.40219.1
Project("{FAE04EC0-301F-11D3-BF4B-00C04F79EFBC}") = "ConsoleApp1", "ConsoleApp1\ConsoleApp1.csproj", "{67D563F2-A97B-485E-B144-B1292D087D1E}"
EndProject
Global
	GlobalSection(SolutionConfigurationPlatforms) = preSolution
		Debug|Any CPU = Debug|Any CPU
		Release|Any CPU = Release|Any CPU
	EndGlobalSection
	GlobalSection(ProjectConfigurationPlatforms) = postSolution
		{67D563F2-A97B-485E-B144-B1292D087D1E}.Debug|Any CPU.ActiveCfg = Debug|Any CPU
		{67D563F2-A97B-485E-B144-B1292D087D1E}.Debug|Any CPU.Build.0 = Debug|Any CPU
		{67D563F2-A97B-485E-B144-B1292D087D1E}.Release|Any CPU.ActiveCfg = Release|Any CPU
		{67D563F2-A97B-485E-B144-B1292D087D1E}.Release|Any CPU.Build.0 = Release|Any CPU
	EndGlobalSection
	GlobalSection(SolutionProperties) = preSolution
		HideSolutionNode = FALSE
	EndGlobalSection
	GlobalSection(ExtensibilityGlobals) = postSolution
		SolutionGuid = {DDFC2C24-7288-46BE-8E57-251427748F8F}
	EndGlobalSection
EndGlobal
