
Microsoft Visual Studio Solution File, Format Version 12.00
# Visual Studio Version 16
VisualStudioVersion = 16.0.29509.3
MinimumVisualStudioVersion = 10.0.40219.1
Project("{FAE04EC0-301F-11D3-BF4B-00C04F79EFBC}") = "_1035", "_1035\_1035.csproj", "{0EB97D64-661F-42C8-8164-7FCC811228C2}"
EndProject
Global
	GlobalSection(SolutionConfigurationPlatforms) = preSolution
		Debug|Any CPU = Debug|Any CPU
		Release|Any CPU = Release|Any CPU
	EndGlobalSection
	GlobalSection(ProjectConfigurationPlatforms) = postSolution
		{0EB97D64-661F-42C8-8164-7FCC811228C2}.Debug|Any CPU.ActiveCfg = Debug|Any CPU
		{0EB97D64-661F-42C8-8164-7FCC811228C2}.Debug|Any CPU.Build.0 = Debug|Any CPU
		{0EB97D64-661F-42C8-8164-7FCC811228C2}.Release|Any CPU.ActiveCfg = Release|Any CPU
		{0EB97D64-661F-42C8-8164-7FCC811228C2}.Release|Any CPU.Build.0 = Release|Any CPU
	EndGlobalSection
	GlobalSection(SolutionProperties) = preSolution
		HideSolutionNode = FALSE
	EndGlobalSection
	GlobalSection(ExtensibilityGlobals) = postSolution
		SolutionGuid = {8A9302B1-42C3-49FA-86BD-4DCD9B121C38}
	EndGlobalSection
EndGlobal
