
Microsoft Visual Studio Solution File, Format Version 12.00
# Visual Studio Version 16
VisualStudioVersion = 16.0.29509.3
MinimumVisualStudioVersion = 10.0.40219.1
Project("{FAE04EC0-301F-11D3-BF4B-00C04F79EFBC}") = "_1042", "_1042\_1042.csproj", "{DA440344-4B36-492A-9C0B-976D84566359}"
EndProject
Global
	GlobalSection(SolutionConfigurationPlatforms) = preSolution
		Debug|Any CPU = Debug|Any CPU
		Release|Any CPU = Release|Any CPU
	EndGlobalSection
	GlobalSection(ProjectConfigurationPlatforms) = postSolution
		{DA440344-4B36-492A-9C0B-976D84566359}.Debug|Any CPU.ActiveCfg = Debug|Any CPU
		{DA440344-4B36-492A-9C0B-976D84566359}.Debug|Any CPU.Build.0 = Debug|Any CPU
		{DA440344-4B36-492A-9C0B-976D84566359}.Release|Any CPU.ActiveCfg = Release|Any CPU
		{DA440344-4B36-492A-9C0B-976D84566359}.Release|Any CPU.Build.0 = Release|Any CPU
	EndGlobalSection
	GlobalSection(SolutionProperties) = preSolution
		HideSolutionNode = FALSE
	EndGlobalSection
	GlobalSection(ExtensibilityGlobals) = postSolution
		SolutionGuid = {A46D5982-07C8-43BB-9054-215AE1FD1DE6}
	EndGlobalSection
EndGlobal
