
Microsoft Visual Studio Solution File, Format Version 12.00
# Visual Studio Version 16
VisualStudioVersion = 16.0.29509.3
MinimumVisualStudioVersion = 10.0.40219.1
Project("{FAE04EC0-301F-11D3-BF4B-00C04F79EFBC}") = "RegexTest", "RegexTest\RegexTest.csproj", "{EFAB5896-57F3-4CD4-ABF5-A89C3D878DB4}"
EndProject
Global
	GlobalSection(SolutionConfigurationPlatforms) = preSolution
		Debug|Any CPU = Debug|Any CPU
		Release|Any CPU = Release|Any CPU
	EndGlobalSection
	GlobalSection(ProjectConfigurationPlatforms) = postSolution
		{EFAB5896-57F3-4CD4-ABF5-A89C3D878DB4}.Debug|Any CPU.ActiveCfg = Debug|Any CPU
		{EFAB5896-57F3-4CD4-ABF5-A89C3D878DB4}.Debug|Any CPU.Build.0 = Debug|Any CPU
		{EFAB5896-57F3-4CD4-ABF5-A89C3D878DB4}.Release|Any CPU.ActiveCfg = Release|Any CPU
		{EFAB5896-57F3-4CD4-ABF5-A89C3D878DB4}.Release|Any CPU.Build.0 = Release|Any CPU
	EndGlobalSection
	GlobalSection(SolutionProperties) = preSolution
		HideSolutionNode = FALSE
	EndGlobalSection
	GlobalSection(ExtensibilityGlobals) = postSolution
		SolutionGuid = {858CFD1D-73BD-47EA-B73B-A4A42426598A}
	EndGlobalSection
EndGlobal
