
Microsoft Visual Studio Solution File, Format Version 12.00
# Visual Studio Version 16
VisualStudioVersion = 16.0.29509.3
MinimumVisualStudioVersion = 10.0.40219.1
Project("{FAE04EC0-301F-11D3-BF4B-00C04F79EFBC}") = "_1072", "_1072\_1072.csproj", "{BA024106-A1D1-4C42-96F1-071252230401}"
EndProject
Global
	GlobalSection(SolutionConfigurationPlatforms) = preSolution
		Debug|Any CPU = Debug|Any CPU
		Release|Any CPU = Release|Any CPU
	EndGlobalSection
	GlobalSection(ProjectConfigurationPlatforms) = postSolution
		{BA024106-A1D1-4C42-96F1-071252230401}.Debug|Any CPU.ActiveCfg = Debug|Any CPU
		{BA024106-A1D1-4C42-96F1-071252230401}.Debug|Any CPU.Build.0 = Debug|Any CPU
		{BA024106-A1D1-4C42-96F1-071252230401}.Release|Any CPU.ActiveCfg = Release|Any CPU
		{BA024106-A1D1-4C42-96F1-071252230401}.Release|Any CPU.Build.0 = Release|Any CPU
	EndGlobalSection
	GlobalSection(SolutionProperties) = preSolution
		HideSolutionNode = FALSE
	EndGlobalSection
	GlobalSection(ExtensibilityGlobals) = postSolution
		SolutionGuid = {68F08D61-A67F-41D3-8021-FAB441312745}
	EndGlobalSection
EndGlobal
