
Microsoft Visual Studio Solution File, Format Version 12.00
# Visual Studio Version 16
VisualStudioVersion = 16.0.29509.3
MinimumVisualStudioVersion = 10.0.40219.1
Project("{FAE04EC0-301F-11D3-BF4B-00C04F79EFBC}") = "_1006", "_1006\_1006.csproj", "{FE028A08-4A5A-42D0-97A0-EA6695B83323}"
EndProject
Global
	GlobalSection(SolutionConfigurationPlatforms) = preSolution
		Debug|Any CPU = Debug|Any CPU
		Release|Any CPU = Release|Any CPU
	EndGlobalSection
	GlobalSection(ProjectConfigurationPlatforms) = postSolution
		{FE028A08-4A5A-42D0-97A0-EA6695B83323}.Debug|Any CPU.ActiveCfg = Debug|Any CPU
		{FE028A08-4A5A-42D0-97A0-EA6695B83323}.Debug|Any CPU.Build.0 = Debug|Any CPU
		{FE028A08-4A5A-42D0-97A0-EA6695B83323}.Release|Any CPU.ActiveCfg = Release|Any CPU
		{FE028A08-4A5A-42D0-97A0-EA6695B83323}.Release|Any CPU.Build.0 = Release|Any CPU
	EndGlobalSection
	GlobalSection(SolutionProperties) = preSolution
		HideSolutionNode = FALSE
	EndGlobalSection
	GlobalSection(ExtensibilityGlobals) = postSolution
		SolutionGuid = {99F6E60F-2143-43EA-9BD7-531120A6C6B2}
	EndGlobalSection
EndGlobal
