
Microsoft Visual Studio Solution File, Format Version 12.00
# Visual Studio Version 16
VisualStudioVersion = 16.0.29509.3
MinimumVisualStudioVersion = 10.0.40219.1
Project("{FAE04EC0-301F-11D3-BF4B-00C04F79EFBC}") = "_1041", "_1041\_1041.csproj", "{9699903A-6D08-44D5-813B-3D5B0AF08A43}"
EndProject
Global
	GlobalSection(SolutionConfigurationPlatforms) = preSolution
		Debug|Any CPU = Debug|Any CPU
		Release|Any CPU = Release|Any CPU
	EndGlobalSection
	GlobalSection(ProjectConfigurationPlatforms) = postSolution
		{9699903A-6D08-44D5-813B-3D5B0AF08A43}.Debug|Any CPU.ActiveCfg = Debug|Any CPU
		{9699903A-6D08-44D5-813B-3D5B0AF08A43}.Debug|Any CPU.Build.0 = Debug|Any CPU
		{9699903A-6D08-44D5-813B-3D5B0AF08A43}.Release|Any CPU.ActiveCfg = Release|Any CPU
		{9699903A-6D08-44D5-813B-3D5B0AF08A43}.Release|Any CPU.Build.0 = Release|Any CPU
	EndGlobalSection
	GlobalSection(SolutionProperties) = preSolution
		HideSolutionNode = FALSE
	EndGlobalSection
	GlobalSection(ExtensibilityGlobals) = postSolution
		SolutionGuid = {9E6D7D1C-B704-435C-BE9C-33695148B171}
	EndGlobalSection
EndGlobal
