
Microsoft Visual Studio Solution File, Format Version 12.00
# Visual Studio Version 16
VisualStudioVersion = 16.0.29509.3
MinimumVisualStudioVersion = 10.0.40219.1
Project("{FAE04EC0-301F-11D3-BF4B-00C04F79EFBC}") = "FuncoesMatematicas", "FuncoesMatematicas\FuncoesMatematicas.csproj", "{D46CBCF3-140F-4305-85CF-8D1494DA8451}"
EndProject
Global
	GlobalSection(SolutionConfigurationPlatforms) = preSolution
		Debug|Any CPU = Debug|Any CPU
		Release|Any CPU = Release|Any CPU
	EndGlobalSection
	GlobalSection(ProjectConfigurationPlatforms) = postSolution
		{D46CBCF3-140F-4305-85CF-8D1494DA8451}.Debug|Any CPU.ActiveCfg = Debug|Any CPU
		{D46CBCF3-140F-4305-85CF-8D1494DA8451}.Debug|Any CPU.Build.0 = Debug|Any CPU
		{D46CBCF3-140F-4305-85CF-8D1494DA8451}.Release|Any CPU.ActiveCfg = Release|Any CPU
		{D46CBCF3-140F-4305-85CF-8D1494DA8451}.Release|Any CPU.Build.0 = Release|Any CPU
	EndGlobalSection
	GlobalSection(SolutionProperties) = preSolution
		HideSolutionNode = FALSE
	EndGlobalSection
	GlobalSection(ExtensibilityGlobals) = postSolution
		SolutionGuid = {BF3F44E5-E90F-4A77-9320-0E5786BA5607}
	EndGlobalSection
EndGlobal
