
Microsoft Visual Studio Solution File, Format Version 12.00
# Visual Studio Version 16
VisualStudioVersion = 16.0.29509.3
MinimumVisualStudioVersion = 10.0.40219.1
Project("{FAE04EC0-301F-11D3-BF4B-00C04F79EFBC}") = "_1037", "_1037\_1037.csproj", "{33B0FC6B-7E26-40D9-BF9F-08ADD9BF8AE2}"
EndProject
Global
	GlobalSection(SolutionConfigurationPlatforms) = preSolution
		Debug|Any CPU = Debug|Any CPU
		Release|Any CPU = Release|Any CPU
	EndGlobalSection
	GlobalSection(ProjectConfigurationPlatforms) = postSolution
		{33B0FC6B-7E26-40D9-BF9F-08ADD9BF8AE2}.Debug|Any CPU.ActiveCfg = Debug|Any CPU
		{33B0FC6B-7E26-40D9-BF9F-08ADD9BF8AE2}.Debug|Any CPU.Build.0 = Debug|Any CPU
		{33B0FC6B-7E26-40D9-BF9F-08ADD9BF8AE2}.Release|Any CPU.ActiveCfg = Release|Any CPU
		{33B0FC6B-7E26-40D9-BF9F-08ADD9BF8AE2}.Release|Any CPU.Build.0 = Release|Any CPU
	EndGlobalSection
	GlobalSection(SolutionProperties) = preSolution
		HideSolutionNode = FALSE
	EndGlobalSection
	GlobalSection(ExtensibilityGlobals) = postSolution
		SolutionGuid = {9E4300EE-4909-49EE-A36F-FC24BE3D3268}
	EndGlobalSection
EndGlobal
