
Microsoft Visual Studio Solution File, Format Version 12.00
# Visual Studio Version 16
VisualStudioVersion = 16.0.29509.3
MinimumVisualStudioVersion = 10.0.40219.1
Project("{FAE04EC0-301F-11D3-BF4B-00C04F79EFBC}") = "_1021", "_1021\_1021.csproj", "{16CBE30A-6F42-4EDD-A048-79EAAE0D2066}"
EndProject
Global
	GlobalSection(SolutionConfigurationPlatforms) = preSolution
		Debug|Any CPU = Debug|Any CPU
		Release|Any CPU = Release|Any CPU
	EndGlobalSection
	GlobalSection(ProjectConfigurationPlatforms) = postSolution
		{16CBE30A-6F42-4EDD-A048-79EAAE0D2066}.Debug|Any CPU.ActiveCfg = Debug|Any CPU
		{16CBE30A-6F42-4EDD-A048-79EAAE0D2066}.Debug|Any CPU.Build.0 = Debug|Any CPU
		{16CBE30A-6F42-4EDD-A048-79EAAE0D2066}.Release|Any CPU.ActiveCfg = Release|Any CPU
		{16CBE30A-6F42-4EDD-A048-79EAAE0D2066}.Release|Any CPU.Build.0 = Release|Any CPU
	EndGlobalSection
	GlobalSection(SolutionProperties) = preSolution
		HideSolutionNode = FALSE
	EndGlobalSection
	GlobalSection(ExtensibilityGlobals) = postSolution
		SolutionGuid = {22136255-B9E2-4C20-AB4D-FA1ED15BA6A6}
	EndGlobalSection
EndGlobal
