
Microsoft Visual Studio Solution File, Format Version 12.00
# Visual Studio Version 16
VisualStudioVersion = 16.0.29509.3
MinimumVisualStudioVersion = 10.0.40219.1
Project("{FAE04EC0-301F-11D3-BF4B-00C04F79EFBC}") = "TrabalhandoEnums", "TrabalhandoEnums\TrabalhandoEnums.csproj", "{9AF9DC30-02F3-4EB0-AB13-30CB0648AB07}"
EndProject
Global
	GlobalSection(SolutionConfigurationPlatforms) = preSolution
		Debug|Any CPU = Debug|Any CPU
		Release|Any CPU = Release|Any CPU
	EndGlobalSection
	GlobalSection(ProjectConfigurationPlatforms) = postSolution
		{9AF9DC30-02F3-4EB0-AB13-30CB0648AB07}.Debug|Any CPU.ActiveCfg = Debug|Any CPU
		{9AF9DC30-02F3-4EB0-AB13-30CB0648AB07}.Debug|Any CPU.Build.0 = Debug|Any CPU
		{9AF9DC30-02F3-4EB0-AB13-30CB0648AB07}.Release|Any CPU.ActiveCfg = Release|Any CPU
		{9AF9DC30-02F3-4EB0-AB13-30CB0648AB07}.Release|Any CPU.Build.0 = Release|Any CPU
	EndGlobalSection
	GlobalSection(SolutionProperties) = preSolution
		HideSolutionNode = FALSE
	EndGlobalSection
	GlobalSection(ExtensibilityGlobals) = postSolution
		SolutionGuid = {EB5204FD-205D-4347-935D-23D641441E13}
	EndGlobalSection
EndGlobal
