
Microsoft Visual Studio Solution File, Format Version 12.00
# Visual Studio Version 16
VisualStudioVersion = 16.0.29509.3
MinimumVisualStudioVersion = 10.0.40219.1
Project("{FAE04EC0-301F-11D3-BF4B-00C04F79EFBC}") = "MediaDeIdades", "MediaDeIdades\MediaDeIdades.csproj", "{914ABD24-D5AE-4F05-8660-650E20F82909}"
EndProject
Global
	GlobalSection(SolutionConfigurationPlatforms) = preSolution
		Debug|Any CPU = Debug|Any CPU
		Release|Any CPU = Release|Any CPU
	EndGlobalSection
	GlobalSection(ProjectConfigurationPlatforms) = postSolution
		{914ABD24-D5AE-4F05-8660-650E20F82909}.Debug|Any CPU.ActiveCfg = Debug|Any CPU
		{914ABD24-D5AE-4F05-8660-650E20F82909}.Debug|Any CPU.Build.0 = Debug|Any CPU
		{914ABD24-D5AE-4F05-8660-650E20F82909}.Release|Any CPU.ActiveCfg = Release|Any CPU
		{914ABD24-D5AE-4F05-8660-650E20F82909}.Release|Any CPU.Build.0 = Release|Any CPU
	EndGlobalSection
	GlobalSection(SolutionProperties) = preSolution
		HideSolutionNode = FALSE
	EndGlobalSection
	GlobalSection(ExtensibilityGlobals) = postSolution
		SolutionGuid = {1275B70B-5785-42D6-ACB2-617EE6551336}
	EndGlobalSection
EndGlobal
