
Microsoft Visual Studio Solution File, Format Version 12.00
# Visual Studio Version 16
VisualStudioVersion = 16.0.29306.81
MinimumVisualStudioVersion = 10.0.40219.1
Project("{FAE04EC0-301F-11D3-BF4B-00C04F79EFBC}") = "_1040", "_1040\_1040.csproj", "{46475A00-203B-420B-ADB0-954184AB2EB4}"
EndProject
Global
	GlobalSection(SolutionConfigurationPlatforms) = preSolution
		Debug|Any CPU = Debug|Any CPU
		Release|Any CPU = Release|Any CPU
	EndGlobalSection
	GlobalSection(ProjectConfigurationPlatforms) = postSolution
		{46475A00-203B-420B-ADB0-954184AB2EB4}.Debug|Any CPU.ActiveCfg = Debug|Any CPU
		{46475A00-203B-420B-ADB0-954184AB2EB4}.Debug|Any CPU.Build.0 = Debug|Any CPU
		{46475A00-203B-420B-ADB0-954184AB2EB4}.Release|Any CPU.ActiveCfg = Release|Any CPU
		{46475A00-203B-420B-ADB0-954184AB2EB4}.Release|Any CPU.Build.0 = Release|Any CPU
	EndGlobalSection
	GlobalSection(SolutionProperties) = preSolution
		HideSolutionNode = FALSE
	EndGlobalSection
	GlobalSection(ExtensibilityGlobals) = postSolution
		SolutionGuid = {A990083E-E03F-4A7A-AB81-C698726F1FFE}
	EndGlobalSection
EndGlobal
