
Microsoft Visual Studio Solution File, Format Version 12.00
# Visual Studio Version 16
VisualStudioVersion = 16.0.29509.3
MinimumVisualStudioVersion = 10.0.40219.1
Project("{FAE04EC0-301F-11D3-BF4B-00C04F79EFBC}") = "_1117", "_1117\_1117.csproj", "{054EAFAC-4F62-4DF9-8186-6B1C285DD7B9}"
EndProject
Global
	GlobalSection(SolutionConfigurationPlatforms) = preSolution
		Debug|Any CPU = Debug|Any CPU
		Release|Any CPU = Release|Any CPU
	EndGlobalSection
	GlobalSection(ProjectConfigurationPlatforms) = postSolution
		{054EAFAC-4F62-4DF9-8186-6B1C285DD7B9}.Debug|Any CPU.ActiveCfg = Debug|Any CPU
		{054EAFAC-4F62-4DF9-8186-6B1C285DD7B9}.Debug|Any CPU.Build.0 = Debug|Any CPU
		{054EAFAC-4F62-4DF9-8186-6B1C285DD7B9}.Release|Any CPU.ActiveCfg = Release|Any CPU
		{054EAFAC-4F62-4DF9-8186-6B1C285DD7B9}.Release|Any CPU.Build.0 = Release|Any CPU
	EndGlobalSection
	GlobalSection(SolutionProperties) = preSolution
		HideSolutionNode = FALSE
	EndGlobalSection
	GlobalSection(ExtensibilityGlobals) = postSolution
		SolutionGuid = {CFC0D943-8C41-4E8B-811C-4136A234A285}
	EndGlobalSection
EndGlobal
