
Microsoft Visual Studio Solution File, Format Version 12.00
# Visual Studio Version 16
VisualStudioVersion = 16.0.29509.3
MinimumVisualStudioVersion = 10.0.40219.1
Project("{FAE04EC0-301F-11D3-BF4B-00C04F79EFBC}") = "TestWhile", "TestWhile\TestWhile.csproj", "{F07D1EBD-67CF-46E4-88AA-B3D38C09F40A}"
EndProject
Global
	GlobalSection(SolutionConfigurationPlatforms) = preSolution
		Debug|Any CPU = Debug|Any CPU
		Release|Any CPU = Release|Any CPU
	EndGlobalSection
	GlobalSection(ProjectConfigurationPlatforms) = postSolution
		{F07D1EBD-67CF-46E4-88AA-B3D38C09F40A}.Debug|Any CPU.ActiveCfg = Debug|Any CPU
		{F07D1EBD-67CF-46E4-88AA-B3D38C09F40A}.Debug|Any CPU.Build.0 = Debug|Any CPU
		{F07D1EBD-67CF-46E4-88AA-B3D38C09F40A}.Release|Any CPU.ActiveCfg = Release|Any CPU
		{F07D1EBD-67CF-46E4-88AA-B3D38C09F40A}.Release|Any CPU.Build.0 = Release|Any CPU
	EndGlobalSection
	GlobalSection(SolutionProperties) = preSolution
		HideSolutionNode = FALSE
	EndGlobalSection
	GlobalSection(ExtensibilityGlobals) = postSolution
		SolutionGuid = {3EBA15C3-A366-4FD8-807F-BD82D5580D64}
	EndGlobalSection
EndGlobal
