
Microsoft Visual Studio Solution File, Format Version 12.00
# Visual Studio Version 16
VisualStudioVersion = 16.0.29509.3
MinimumVisualStudioVersion = 10.0.40219.1
Project("{FAE04EC0-301F-11D3-BF4B-00C04F79EFBC}") = "_1008", "_1008\_1008.csproj", "{18AD12CC-F145-4F83-A7B9-52B3CC7FB2E5}"
EndProject
Global
	GlobalSection(SolutionConfigurationPlatforms) = preSolution
		Debug|Any CPU = Debug|Any CPU
		Release|Any CPU = Release|Any CPU
	EndGlobalSection
	GlobalSection(ProjectConfigurationPlatforms) = postSolution
		{18AD12CC-F145-4F83-A7B9-52B3CC7FB2E5}.Debug|Any CPU.ActiveCfg = Debug|Any CPU
		{18AD12CC-F145-4F83-A7B9-52B3CC7FB2E5}.Debug|Any CPU.Build.0 = Debug|Any CPU
		{18AD12CC-F145-4F83-A7B9-52B3CC7FB2E5}.Release|Any CPU.ActiveCfg = Release|Any CPU
		{18AD12CC-F145-4F83-A7B9-52B3CC7FB2E5}.Release|Any CPU.Build.0 = Release|Any CPU
	EndGlobalSection
	GlobalSection(SolutionProperties) = preSolution
		HideSolutionNode = FALSE
	EndGlobalSection
	GlobalSection(ExtensibilityGlobals) = postSolution
		SolutionGuid = {6D2D0FD8-7EDF-4747-B6B4-A72ED4CDA07A}
	EndGlobalSection
EndGlobal
